
Microsoft Visual Studio Solution File, Format Version 12.00
# Visual Studio Version 16
VisualStudioVersion = 25.0.1706.1
MinimumVisualStudioVersion = 10.0.40219.1
Project("{FAE04EC0-301F-11D3-BF4B-00C04F79EFBC}") = "Calculator", "Calculator\Calculator.csproj", "{9EF0E6C6-A0B8-458C-906F-454CA601C47E}"
EndProject
Global
	GlobalSection(SolutionConfigurationPlatforms) = preSolution
		Debug|Any CPU = Debug|Any CPU
		Release|Any CPU = Release|Any CPU
	EndGlobalSection
	GlobalSection(ProjectConfigurationPlatforms) = postSolution
		{9EF0E6C6-A0B8-458C-906F-454CA601C47E}.Debug|Any CPU.ActiveCfg = Debug|Any CPU
		{9EF0E6C6-A0B8-458C-906F-454CA601C47E}.Debug|Any CPU.Build.0 = Debug|Any CPU
		{9EF0E6C6-A0B8-458C-906F-454CA601C47E}.Release|Any CPU.ActiveCfg = Release|Any CPU
		{9EF0E6C6-A0B8-458C-906F-454CA601C47E}.Release|Any CPU.Build.0 = Release|Any CPU
	EndGlobalSection
	GlobalSection(SolutionProperties) = preSolution
		HideSolutionNode = FALSE
	EndGlobalSection
	GlobalSection(ExtensibilityGlobals) = postSolution
		SolutionGuid = {0F1D10FE-DAD3-4082-967A-5CDE782EC744}
	EndGlobalSection
EndGlobal
